
Microsoft Visual Studio Solution File, Format Version 12.00
# Visual Studio Version 16
VisualStudioVersion = 16.0.31313.79
MinimumVisualStudioVersion = 10.0.40219.1
Project("{FAE04EC0-301F-11D3-BF4B-00C04F79EFBC}") = "ExtensionMethodDemo", "ExtensionMethodDemo\ExtensionMethodDemo.csproj", "{4D8C9B59-053D-4006-B154-0E3AF4471C8D}"
EndProject
Global
	GlobalSection(SolutionConfigurationPlatforms) = preSolution
		Debug|Any CPU = Debug|Any CPU
		Release|Any CPU = Release|Any CPU
	EndGlobalSection
	GlobalSection(ProjectConfigurationPlatforms) = postSolution
		{4D8C9B59-053D-4006-B154-0E3AF4471C8D}.Debug|Any CPU.ActiveCfg = Debug|Any CPU
		{4D8C9B59-053D-4006-B154-0E3AF4471C8D}.Debug|Any CPU.Build.0 = Debug|Any CPU
		{4D8C9B59-053D-4006-B154-0E3AF4471C8D}.Release|Any CPU.ActiveCfg = Release|Any CPU
		{4D8C9B59-053D-4006-B154-0E3AF4471C8D}.Release|Any CPU.Build.0 = Release|Any CPU
	EndGlobalSection
	GlobalSection(SolutionProperties) = preSolution
		HideSolutionNode = FALSE
	EndGlobalSection
	GlobalSection(ExtensibilityGlobals) = postSolution
		SolutionGuid = {C35E3CBF-565B-4065-B095-C9E1CE5272CB}
	EndGlobalSection
EndGlobal
